// !$*UTF8*$!
{
	archiveVersion = 1;
	classes = {
	};
	objectVersion = 77;
	objects = {

/* Begin PBXContainerItemProxy section */
		F6E145832DE2D2FC002D15BD /* PBXContainerItemProxy */ = {
			isa = PBXContainerItemProxy;
			containerPortal = F6E1456D2DE2D2FB002D15BD /* Project object */;
			proxyType = 1;
			remoteGlobalIDString = F6E145742DE2D2FB002D15BD;
			remoteInfo = "Midnight Snack Roulette";
		};
		F6E1458D2DE2D2FC002D15BD /* PBXContainerItemProxy */ = {
			isa = PBXContainerItemProxy;
			containerPortal = F6E1456D2DE2D2FB002D15BD /* Project object */;
			proxyType = 1;
			remoteGlobalIDString = F6E145742DE2D2FB002D15BD;
			remoteInfo = "Midnight Snack Roulette";
		};
/* End PBXContainerItemProxy section */

/* Begin PBXFileReference section */
		F6E145752DE2D2FB002D15BD /* Midnight Snack Roulette.app */ = {isa = PBXFileReference; explicitFileType = wrapper.application; includeInIndex = 0; path = "Midnight Snack Roulette.app"; sourceTree = BUILT_PRODUCTS_DIR; };
		F6E145822DE2D2FC002D15BD /* Midnight Snack RouletteTests.xctest */ = {isa = PBXFileReference; explicitFileType = wrapper.cfbundle; includeInIndex = 0; path = "Midnight Snack RouletteTests.xctest"; sourceTree = BUILT_PRODUCTS_DIR; };
		F6E1458C2DE2D2FC002D15BD /* Midnight Snack RouletteUITests.xctest */ = {isa = PBXFileReference; explicitFileType = wrapper.cfbundle; includeInIndex = 0; path = "Midnight Snack RouletteUITests.xctest"; sourceTree = BUILT_PRODUCTS_DIR; };
/* End PBXFileReference section */

/* Begin PBXFileSystemSynchronizedRootGroup section */
		F6E145772DE2D2FB002D15BD /* Midnight Snack Roulette */ = {
			isa = PBXFileSystemSynchronizedRootGroup;
			path = "Midnight Snack Roulette";
			sourceTree = "<group>";
		};
		F6E145852DE2D2FC002D15BD /* Midnight Snack RouletteTests */ = {
			isa = PBXFileSystemSynchronizedRootGroup;
			path = "Midnight Snack RouletteTests";
			sourceTree = "<group>";
		};
		F6E1458F2DE2D2FC002D15BD /* Midnight Snack RouletteUITests */ = {
			isa = PBXFileSystemSynchronizedRootGroup;
			path = "Midnight Snack RouletteUITests";
			sourceTree = "<group>";
		};
/* End PBXFileSystemSynchronizedRootGroup section */

/* Begin PBXFrameworksBuildPhase section */
		F6E145722DE2D2FB002D15BD /* Frameworks */ = {
			isa = PBXFrameworksBuildPhase;
			buildActionMask = 2147483647;
			files = (
			);
			runOnlyForDeploymentPostprocessing = 0;
		};
		F6E1457F2DE2D2FC002D15BD /* Frameworks */ = {
			isa = PBXFrameworksBuildPhase;
			buildActionMask = 2147483647;
			files = (
			);
			runOnlyForDeploymentPostprocessing = 0;
		};
		F6E145892DE2D2FC002D15BD /* Frameworks */ = {
			isa = PBXFrameworksBuildPhase;
			buildActionMask = 2147483647;
			files = (
			);
			runOnlyForDeploymentPostprocessing = 0;
		};
/* End PBXFrameworksBuildPhase section */

/* Begin PBXGroup section */
		F6E1456C2DE2D2FB002D15BD = {
			isa = PBXGroup;
			children = (
				F6E145772DE2D2FB002D15BD /* Midnight Snack Roulette */,
				F6E145852DE2D2FC002D15BD /* Midnight Snack RouletteTests */,
				F6E1458F2DE2D2FC002D15BD /* Midnight Snack RouletteUITests */,
				F6E145762DE2D2FB002D15BD /* Products */,
			);
			sourceTree = "<group>";
		};
		F6E145762DE2D2FB002D15BD /* Products */ = {
			isa = PBXGroup;
			children = (
				F6E145752DE2D2FB002D15BD /* Midnight Snack Roulette.app */,
				F6E145822DE2D2FC002D15BD /* Midnight Snack RouletteTests.xctest */,
				F6E1458C2DE2D2FC002D15BD /* Midnight Snack RouletteUITests.xctest */,
			);
			name = Products;
			sourceTree = "<group>";
		};
/* End PBXGroup section */

/* Begin PBXNativeTarget section */
		F6E145742DE2D2FB002D15BD /* Midnight Snack Roulette */ = {
			isa = PBXNativeTarget;
			buildConfigurationList = F6E145962DE2D2FC002D15BD /* Build configuration list for PBXNativeTarget "Midnight Snack Roulette" */;
			buildPhases = (
				F6E145712DE2D2FB002D15BD /* Sources */,
				F6E145722DE2D2FB002D15BD /* Frameworks */,
				F6E145732DE2D2FB002D15BD /* Resources */,
			);
			buildRules = (
			);
			dependencies = (
			);
			fileSystemSynchronizedGroups = (
				F6E145772DE2D2FB002D15BD /* Midnight Snack Roulette */,
			);
			name = "Midnight Snack Roulette";
			packageProductDependencies = (
			);
			productName = "Midnight Snack Roulette";
			productReference = F6E145752DE2D2FB002D15BD /* Midnight Snack Roulette.app */;
			productType = "com.apple.product-type.application";
		};
		F6E145812DE2D2FC002D15BD /* Midnight Snack RouletteTests */ = {
			isa = PBXNativeTarget;
			buildConfigurationList = F6E145992DE2D2FC002D15BD /* Build configuration list for PBXNativeTarget "Midnight Snack RouletteTests" */;
			buildPhases = (
				F6E1457E2DE2D2FC002D15BD /* Sources */,
				F6E1457F2DE2D2FC002D15BD /* Frameworks */,
				F6E145802DE2D2FC002D15BD /* Resources */,
			);
			buildRules = (
			);
			dependencies = (
				F6E145842DE2D2FC002D15BD /* PBXTargetDependency */,
			);
			fileSystemSynchronizedGroups = (
				F6E145852DE2D2FC002D15BD /* Midnight Snack RouletteTests */,
			);
			name = "Midnight Snack RouletteTests";
			packageProductDependencies = (
			);
			productName = "Midnight Snack RouletteTests";
			productReference = F6E145822DE2D2FC002D15BD /* Midnight Snack RouletteTests.xctest */;
			productType = "com.apple.product-type.bundle.unit-test";
		};
		F6E1458B2DE2D2FC002D15BD /* Midnight Snack RouletteUITests */ = {
			isa = PBXNativeTarget;
			buildConfigurationList = F6E1459C2DE2D2FC002D15BD /* Build configuration list for PBXNativeTarget "Midnight Snack RouletteUITests" */;
			buildPhases = (
				F6E145882DE2D2FC002D15BD /* Sources */,
				F6E145892DE2D2FC002D15BD /* Frameworks */,
				F6E1458A2DE2D2FC002D15BD /* Resources */,
			);
			buildRules = (
			);
			dependencies = (
				F6E1458E2DE2D2FC002D15BD /* PBXTargetDependency */,
			);
			fileSystemSynchronizedGroups = (
				F6E1458F2DE2D2FC002D15BD /* Midnight Snack RouletteUITests */,
			);
			name = "Midnight Snack RouletteUITests";
			packageProductDependencies = (
			);
			productName = "Midnight Snack RouletteUITests";
			productReference = F6E1458C2DE2D2FC002D15BD /* Midnight Snack RouletteUITests.xctest */;
			productType = "com.apple.product-type.bundle.ui-testing";
		};
/* End PBXNativeTarget section */

/* Begin PBXProject section */
		F6E1456D2DE2D2FB002D15BD /* Project object */ = {
			isa = PBXProject;
			attributes = {
				BuildIndependentTargetsInParallel = 1;
				LastSwiftUpdateCheck = 1630;
				LastUpgradeCheck = 1630;
				TargetAttributes = {
					F6E145742DE2D2FB002D15BD = {
						CreatedOnToolsVersion = 16.3;
					};
					F6E145812DE2D2FC002D15BD = {
						CreatedOnToolsVersion = 16.3;
						TestTargetID = F6E145742DE2D2FB002D15BD;
					};
					F6E1458B2DE2D2FC002D15BD = {
						CreatedOnToolsVersion = 16.3;
						TestTargetID = F6E145742DE2D2FB002D15BD;
					};
				};
			};
			buildConfigurationList = F6E145702DE2D2FB002D15BD /* Build configuration list for PBXProject "Midnight Snack Roulette" */;
			developmentRegion = en;
			hasScannedForEncodings = 0;
			knownRegions = (
				en,
				Base,
			);
			mainGroup = F6E1456C2DE2D2FB002D15BD;
			minimizedProjectReferenceProxies = 1;
			preferredProjectObjectVersion = 77;
			productRefGroup = F6E145762DE2D2FB002D15BD /* Products */;
			projectDirPath = "";
			projectRoot = "";
			targets = (
				F6E145742DE2D2FB002D15BD /* Midnight Snack Roulette */,
				F6E145812DE2D2FC002D15BD /* Midnight Snack RouletteTests */,
				F6E1458B2DE2D2FC002D15BD /* Midnight Snack RouletteUITests */,
			);
		};
/* End PBXProject section */

/* Begin PBXResourcesBuildPhase section */
		F6E145732DE2D2FB002D15BD /* Resources */ = {
			isa = PBXResourcesBuildPhase;
			buildActionMask = 2147483647;
			files = (
			);
			runOnlyForDeploymentPostprocessing = 0;
		};
		F6E145802DE2D2FC002D15BD /* Resources */ = {
			isa = PBXResourcesBuildPhase;
			buildActionMask = 2147483647;
			files = (
			);
			runOnlyForDeploymentPostprocessing = 0;
		};
		F6E1458A2DE2D2FC002D15BD /* Resources */ = {
			isa = PBXResourcesBuildPhase;
			buildActionMask = 2147483647;
			files = (
			);
			runOnlyForDeploymentPostprocessing = 0;
		};
/* End PBXResourcesBuildPhase section */

/* Begin PBXSourcesBuildPhase section */
		F6E145712DE2D2FB002D15BD /* Sources */ = {
			isa = PBXSourcesBuildPhase;
			buildActionMask = 2147483647;
			files = (
			);
			runOnlyForDeploymentPostprocessing = 0;
		};
		F6E1457E2DE2D2FC002D15BD /* Sources */ = {
			isa = PBXSourcesBuildPhase;
			buildActionMask = 2147483647;
			files = (
			);
			runOnlyForDeploymentPostprocessing = 0;
		};
		F6E145882DE2D2FC002D15BD /* Sources */ = {
			isa = PBXSourcesBuildPhase;
			buildActionMask = 2147483647;
			files = (
			);
			runOnlyForDeploymentPostprocessing = 0;
		};
/* End PBXSourcesBuildPhase section */

/* Begin PBXTargetDependency section */
		F6E145842DE2D2FC002D15BD /* PBXTargetDependency */ = {
			isa = PBXTargetDependency;
			target = F6E145742DE2D2FB002D15BD /* Midnight Snack Roulette */;
			targetProxy = F6E145832DE2D2FC002D15BD /* PBXContainerItemProxy */;
		};
		F6E1458E2DE2D2FC002D15BD /* PBXTargetDependency */ = {
			isa = PBXTargetDependency;
			target = F6E145742DE2D2FB002D15BD /* Midnight Snack Roulette */;
			targetProxy = F6E1458D2DE2D2FC002D15BD /* PBXContainerItemProxy */;
		};
/* End PBXTargetDependency section */

/* Begin XCBuildConfiguration section */
		F6E145942DE2D2FC002D15BD /* Debug */ = {
			isa = XCBuildConfiguration;
			buildSettings = {
				ALWAYS_SEARCH_USER_PATHS = NO;
				ASSETCATALOG_COMPILER_GENERATE_SWIFT_ASSET_SYMBOL_EXTENSIONS = YES;
				CLANG_ANALYZER_NONNULL = YES;
				CLANG_ANALYZER_NUMBER_OBJECT_CONVERSION = YES_AGGRESSIVE;
				CLANG_CXX_LANGUAGE_STANDARD = "gnu++20";
				CLANG_ENABLE_MODULES = YES;
				CLANG_ENABLE_OBJC_ARC = YES;
				CLANG_ENABLE_OBJC_WEAK = YES;
				CLANG_WARN_BLOCK_CAPTURE_AUTORELEASING = YES;
				CLANG_WARN_BOOL_CONVERSION = YES;
				CLANG_WARN_COMMA = YES;
				CLANG_WARN_CONSTANT_CONVERSION = YES;
				CLANG_WARN_DEPRECATED_OBJC_IMPLEMENTATIONS = YES;
				CLANG_WARN_DIRECT_OBJC_ISA_USAGE = YES_ERROR;
				CLANG_WARN_DOCUMENTATION_COMMENTS = YES;
				CLANG_WARN_EMPTY_BODY = YES;
				CLANG_WARN_ENUM_CONVERSION = YES;
				CLANG_WARN_INFINITE_RECURSION = YES;
				CLANG_WARN_INT_CONVERSION = YES;
				CLANG_WARN_NON_LITERAL_NULL_CONVERSION = YES;
				CLANG_WARN_OBJC_IMPLICIT_RETAIN_SELF = YES;
				CLANG_WARN_OBJC_LITERAL_CONVERSION = YES;
				CLANG_WARN_OBJC_ROOT_CLASS = YES_ERROR;
				CLANG_WARN_QUOTED_INCLUDE_IN_FRAMEWORK_HEADER = YES;
				CLANG_WARN_RANGE_LOOP_ANALYSIS = YES;
				CLANG_WARN_STRICT_PROTOTYPES = YES;
				CLANG_WARN_SUSPICIOUS_MOVE = YES;
				CLANG_WARN_UNGUARDED_AVAILABILITY = YES_AGGRESSIVE;
				CLANG_WARN_UNREACHABLE_CODE = YES;
				CLANG_WARN__DUPLICATE_METHOD_MATCH = YES;
				COPY_PHASE_STRIP = NO;
				DEBUG_INFORMATION_FORMAT = dwarf;
				DEVELOPMENT_TEAM = 37ZNGS5XKA;
				ENABLE_STRICT_OBJC_MSGSEND = YES;
				ENABLE_TESTABILITY = YES;
				ENABLE_USER_SCRIPT_SANDBOXING = YES;
				GCC_C_LANGUAGE_STANDARD = gnu17;
				GCC_DYNAMIC_NO_PIC = NO;
				GCC_NO_COMMON_BLOCKS = YES;
				GCC_OPTIMIZATION_LEVEL = 0;
				GCC_PREPROCESSOR_DEFINITIONS = (
					"DEBUG=1",
					"$(inherited)",
				);
				GCC_WARN_64_TO_32_BIT_CONVERSION = YES;
				GCC_WARN_ABOUT_RETURN_TYPE = YES_ERROR;
				GCC_WARN_UNDECLARED_SELECTOR = YES;
				GCC_WARN_UNINITIALIZED_AUTOS = YES_AGGRESSIVE;
				GCC_WARN_UNUSED_FUNCTION = YES;
				GCC_WARN_UNUSED_VARIABLE = YES;
				IPHONEOS_DEPLOYMENT_TARGET = 18.4;
				LOCALIZATION_PREFERS_STRING_CATALOGS = YES;
				MTL_ENABLE_DEBUG_INFO = INCLUDE_SOURCE;
				MTL_FAST_MATH = YES;
				ONLY_ACTIVE_ARCH = YES;
				SDKROOT = iphoneos;
				SWIFT_ACTIVE_COMPILATION_CONDITIONS = "DEBUG $(inherited)";
				SWIFT_OPTIMIZATION_LEVEL = "-Onone";
			};
			name = Debug;
		};
		F6E145952DE2D2FC002D15BD /* Release */ = {
			isa = XCBuildConfiguration;
			buildSettings = {
				ALWAYS_SEARCH_USER_PATHS = NO;
				ASSETCATALOG_COMPILER_GENERATE_SWIFT_ASSET_SYMBOL_EXTENSIONS = YES;
				CLANG_ANALYZER_NONNULL = YES;
				CLANG_ANALYZER_NUMBER_OBJECT_CONVERSION = YES_AGGRESSIVE;
				CLANG_CXX_LANGUAGE_STANDARD = "gnu++20";
				CLANG_ENABLE_MODULES = YES;
				CLANG_ENABLE_OBJC_ARC = YES;
				CLANG_ENABLE_OBJC_WEAK = YES;
				CLANG_WARN_BLOCK_CAPTURE_AUTORELEASING = YES;
				CLANG_WARN_BOOL_CONVERSION = YES;
				CLANG_WARN_COMMA = YES;
				CLANG_WARN_CONSTANT_CONVERSION = YES;
				CLANG_WARN_DEPRECATED_OBJC_IMPLEMENTATIONS = YES;
				CLANG_WARN_DIRECT_OBJC_ISA_USAGE = YES_ERROR;
				CLANG_WARN_DOCUMENTATION_COMMENTS = YES;
				CLANG_WARN_EMPTY_BODY = YES;
				CLANG_WARN_ENUM_CONVERSION = YES;
				CLANG_WARN_INFINITE_RECURSION = YES;
				CLANG_WARN_INT_CONVERSION = YES;
				CLANG_WARN_NON_LITERAL_NULL_CONVERSION = YES;
				CLANG_WARN_OBJC_IMPLICIT_RETAIN_SELF = YES;
				CLANG_WARN_OBJC_LITERAL_CONVERSION = YES;
				CLANG_WARN_OBJC_ROOT_CLASS = YES_ERROR;
				CLANG_WARN_QUOTED_INCLUDE_IN_FRAMEWORK_HEADER = YES;
				CLANG_WARN_RANGE_LOOP_ANALYSIS = YES;
				CLANG_WARN_STRICT_PROTOTYPES = YES;
				CLANG_WARN_SUSPICIOUS_MOVE = YES;
				CLANG_WARN_UNGUARDED_AVAILABILITY = YES_AGGRESSIVE;
				CLANG_WARN_UNREACHABLE_CODE = YES;
				CLANG_WARN__DUPLICATE_METHOD_MATCH = YES;
				COPY_PHASE_STRIP = NO;
				DEBUG_INFORMATION_FORMAT = "dwarf-with-dsym";
				DEVELOPMENT_TEAM = 37ZNGS5XKA;
				ENABLE_NS_ASSERTIONS = NO;
				ENABLE_STRICT_OBJC_MSGSEND = YES;
				ENABLE_USER_SCRIPT_SANDBOXING = YES;
				GCC_C_LANGUAGE_STANDARD = gnu17;
				GCC_NO_COMMON_BLOCKS = YES;
				GCC_WARN_64_TO_32_BIT_CONVERSION = YES;
				GCC_WARN_ABOUT_RETURN_TYPE = YES_ERROR;
				GCC_WARN_UNDECLARED_SELECTOR = YES;
				GCC_WARN_UNINITIALIZED_AUTOS = YES_AGGRESSIVE;
				GCC_WARN_UNUSED_FUNCTION = YES;
				GCC_WARN_UNUSED_VARIABLE = YES;
				IPHONEOS_DEPLOYMENT_TARGET = 18.4;
				LOCALIZATION_PREFERS_STRING_CATALOGS = YES;
				MTL_ENABLE_DEBUG_INFO = NO;
				MTL_FAST_MATH = YES;
				SDKROOT = iphoneos;
				SWIFT_COMPILATION_MODE = wholemodule;
				VALIDATE_PRODUCT = YES;
			};
			name = Release;
		};
		F6E145972DE2D2FC002D15BD /* Debug */ = {
			isa = XCBuildConfiguration;
			buildSettings = {
				ASSETCATALOG_COMPILER_APPICON_NAME = AppIcon;
				ASSETCATALOG_COMPILER_GLOBAL_ACCENT_COLOR_NAME = AccentColor;
				CODE_SIGN_STYLE = Automatic;
				CURRENT_PROJECT_VERSION = 1;
				DEVELOPMENT_TEAM = 37ZNGS5XKA;
				ENABLE_PREVIEWS = YES;
				GENERATE_INFOPLIST_FILE = YES;
				INFOPLIST_KEY_UIApplicationSceneManifest_Generation = YES;
				INFOPLIST_KEY_UIApplicationSupportsIndirectInputEvents = YES;
				INFOPLIST_KEY_UILaunchScreen_Generation = YES;
				INFOPLIST_KEY_UISupportedInterfaceOrientations_iPad = "UIInterfaceOrientationPortrait UIInterfaceOrientationPortraitUpsideDown UIInterfaceOrientationLandscapeLeft UIInterfaceOrientationLandscapeRight";
				INFOPLIST_KEY_UISupportedInterfaceOrientations_iPhone = "UIInterfaceOrientationPortrait UIInterfaceOrientationLandscapeLeft UIInterfaceOrientationLandscapeRight";
				LD_RUNPATH_SEARCH_PATHS = (
					"$(inherited)",
					"@executable_path/Frameworks",
				);
				MARKETING_VERSION = 1.0;
				PRODUCT_BUNDLE_IDENTIFIER = "sdpteam3.Midnight-Snack-Roulette";
				PRODUCT_NAME = "$(TARGET_NAME)";
				SWIFT_EMIT_LOC_STRINGS = YES;
				SWIFT_VERSION = 5.0;
				TARGETED_DEVICE_FAMILY = "1,2";
			};
			name = Debug;
		};
		F6E145982DE2D2FC002D15BD /* Release */ = {
			isa = XCBuildConfiguration;
			buildSettings = {
				ASSETCATALOG_COMPILER_APPICON_NAME = AppIcon;
				ASSETCATALOG_COMPILER_GLOBAL_ACCENT_COLOR_NAME = AccentColor;
				CODE_SIGN_STYLE = Automatic;
				CURRENT_PROJECT_VERSION = 1;
				DEVELOPMENT_TEAM = 37ZNGS5XKA;
				ENABLE_PREVIEWS = YES;
				GENERATE_INFOPLIST_FILE = YES;
				INFOPLIST_KEY_UIApplicationSceneManifest_Generation = YES;
				INFOPLIST_KEY_UIApplicationSupportsIndirectInputEvents = YES;
				INFOPLIST_KEY_UILaunchScreen_Generation = YES;
				INFOPLIST_KEY_UISupportedInterfaceOrientations_iPad = "UIInterfaceOrientationPortrait UIInterfaceOrientationPortraitUpsideDown UIInterfaceOrientationLandscapeLeft UIInterfaceOrientationLandscapeRight";
				INFOPLIST_KEY_UISupportedInterfaceOrientations_iPhone = "UIInterfaceOrientationPortrait UIInterfaceOrientationLandscapeLeft UIInterfaceOrientationLandscapeRight";
				LD_RUNPATH_SEARCH_PATHS = (
					"$(inherited)",
					"@executable_path/Frameworks",
				);
				MARKETING_VERSION = 1.0;
				PRODUCT_BUNDLE_IDENTIFIER = "sdpteam3.Midnight-Snack-Roulette";
				PRODUCT_NAME = "$(TARGET_NAME)";
				SWIFT_EMIT_LOC_STRINGS = YES;
				SWIFT_VERSION = 5.0;
				TARGETED_DEVICE_FAMILY = "1,2";
			};
			name = Release;
		};
		F6E1459A2DE2D2FC002D15BD /* Debug */ = {
			isa = XCBuildConfiguration;
			buildSettings = {
				BUNDLE_LOADER = "$(TEST_HOST)";
				CODE_SIGN_STYLE = Automatic;
				CURRENT_PROJECT_VERSION = 1;
				DEVELOPMENT_TEAM = 37ZNGS5XKA;
				GENERATE_INFOPLIST_FILE = YES;
				IPHONEOS_DEPLOYMENT_TARGET = 18.4;
				MARKETING_VERSION = 1.0;
				PRODUCT_BUNDLE_IDENTIFIER = "sdpteam3.Midnight-Snack-RouletteTests";
				PRODUCT_NAME = "$(TARGET_NAME)";
				SWIFT_EMIT_LOC_STRINGS = NO;
				SWIFT_VERSION = 5.0;
				TARGETED_DEVICE_FAMILY = "1,2";
				TEST_HOST = "$(BUILT_PRODUCTS_DIR)/Midnight Snack Roulette.app/$(BUNDLE_EXECUTABLE_FOLDER_PATH)/Midnight Snack Roulette";
			};
			name = Debug;
		};
		F6E1459B2DE2D2FC002D15BD /* Release */ = {
			isa = XCBuildConfiguration;
			buildSettings = {
				BUNDLE_LOADER = "$(TEST_HOST)";
				CODE_SIGN_STYLE = Automatic;
				CURRENT_PROJECT_VERSION = 1;
				DEVELOPMENT_TEAM = 37ZNGS5XKA;
				GENERATE_INFOPLIST_FILE = YES;
				IPHONEOS_DEPLOYMENT_TARGET = 18.4;
				MARKETING_VERSION = 1.0;
				PRODUCT_BUNDLE_IDENTIFIER = "sdpteam3.Midnight-Snack-RouletteTests";
				PRODUCT_NAME = "$(TARGET_NAME)";
				SWIFT_EMIT_LOC_STRINGS = NO;
				SWIFT_VERSION = 5.0;
				TARGETED_DEVICE_FAMILY = "1,2";
				TEST_HOST = "$(BUILT_PRODUCTS_DIR)/Midnight Snack Roulette.app/$(BUNDLE_EXECUTABLE_FOLDER_PATH)/Midnight Snack Roulette";
			};
			name = Release;
		};
		F6E1459D2DE2D2FC002D15BD /* Debug */ = {
			isa = XCBuildConfiguration;
			buildSettings = {
				CODE_SIGN_STYLE = Automatic;
				CURRENT_PROJECT_VERSION = 1;
				DEVELOPMENT_TEAM = 37ZNGS5XKA;
				GENERATE_INFOPLIST_FILE = YES;
				MARKETING_VERSION = 1.0;
				PRODUCT_BUNDLE_IDENTIFIER = "sdpteam3.Midnight-Snack-RouletteUITests";
				PRODUCT_NAME = "$(TARGET_NAME)";
				SWIFT_EMIT_LOC_STRINGS = NO;
				SWIFT_VERSION = 5.0;
				TARGETED_DEVICE_FAMILY = "1,2";
				TEST_TARGET_NAME = "Midnight Snack Roulette";
			};
			name = Debug;
		};
		F6E1459E2DE2D2FC002D15BD /* Release */ = {
			isa = XCBuildConfiguration;
			buildSettings = {
				CODE_SIGN_STYLE = Automatic;
				CURRENT_PROJECT_VERSION = 1;
				DEVELOPMENT_TEAM = 37ZNGS5XKA;
				GENERATE_INFOPLIST_FILE = YES;
				MARKETING_VERSION = 1.0;
				PRODUCT_BUNDLE_IDENTIFIER = "sdpteam3.Midnight-Snack-RouletteUITests";
				PRODUCT_NAME = "$(TARGET_NAME)";
				SWIFT_EMIT_LOC_STRINGS = NO;
				SWIFT_VERSION = 5.0;
				TARGETED_DEVICE_FAMILY = "1,2";
				TEST_TARGET_NAME = "Midnight Snack Roulette";
			};
			name = Release;
		};
/* End XCBuildConfiguration section */

/* Begin XCConfigurationList section */
		F6E145702DE2D2FB002D15BD /* Build configuration list for PBXProject "Midnight Snack Roulette" */ = {
			isa = XCConfigurationList;
			buildConfigurations = (
				F6E145942DE2D2FC002D15BD /* Debug */,
				F6E145952DE2D2FC002D15BD /* Release */,
			);
			defaultConfigurationIsVisible = 0;
			defaultConfigurationName = Release;
		};
		F6E145962DE2D2FC002D15BD /* Build configuration list for PBXNativeTarget "Midnight Snack Roulette" */ = {
			isa = XCConfigurationList;
			buildConfigurations = (
				F6E145972DE2D2FC002D15BD /* Debug */,
				F6E145982DE2D2FC002D15BD /* Release */,
			);
			defaultConfigurationIsVisible = 0;
			defaultConfigurationName = Release;
		};
		F6E145992DE2D2FC002D15BD /* Build configuration list for PBXNativeTarget "Midnight Snack RouletteTests" */ = {
			isa = XCConfigurationList;
			buildConfigurations = (
				F6E1459A2DE2D2FC002D15BD /* Debug */,
				F6E1459B2DE2D2FC002D15BD /* Release */,
			);
			defaultConfigurationIsVisible = 0;
			defaultConfigurationName = Release;
		};
		F6E1459C2DE2D2FC002D15BD /* Build configuration list for PBXNativeTarget "Midnight Snack RouletteUITests" */ = {
			isa = XCConfigurationList;
			buildConfigurations = (
				F6E1459D2DE2D2FC002D15BD /* Debug */,
				F6E1459E2DE2D2FC002D15BD /* Release */,
			);
			defaultConfigurationIsVisible = 0;
			defaultConfigurationName = Release;
		};
/* End XCConfigurationList section */
	};
	rootObject = F6E1456D2DE2D2FB002D15BD /* Project object */;
}
